
Microsoft Visual Studio Solution File, Format Version 12.00
# Visual Studio Version 16
VisualStudioVersion = 16.0.31129.286
MinimumVisualStudioVersion = 10.0.40219.1
Project("{FAE04EC0-301F-11D3-BF4B-00C04F79EFBC}") = "ACME", "ACME.csproj", "{44AD6AC3-FAF4-44AE-8496-7D87C240A357}"
EndProject
Global
	GlobalSection(SolutionConfigurationPlatforms) = preSolution
		Debug|Any CPU = Debug|Any CPU
		Release|Any CPU = Release|Any CPU
	EndGlobalSection
	GlobalSection(ProjectConfigurationPlatforms) = postSolution
		{44AD6AC3-FAF4-44AE-8496-7D87C240A357}.Debug|Any CPU.ActiveCfg = Debug|Any CPU
		{44AD6AC3-FAF4-44AE-8496-7D87C240A357}.Debug|Any CPU.Build.0 = Debug|Any CPU
		{44AD6AC3-FAF4-44AE-8496-7D87C240A357}.Release|Any CPU.ActiveCfg = Release|Any CPU
		{44AD6AC3-FAF4-44AE-8496-7D87C240A357}.Release|Any CPU.Build.0 = Release|Any CPU
	EndGlobalSection
	GlobalSection(SolutionProperties) = preSolution
		HideSolutionNode = FALSE
	EndGlobalSection
	GlobalSection(ExtensibilityGlobals) = postSolution
		SolutionGuid = {B0DCF2E2-674D-4436-88F6-C789334C15BA}
	EndGlobalSection
EndGlobal
